
Microsoft Visual Studio Solution File, Format Version 12.00
# Visual Studio Version 16
VisualStudioVersion = 16.0.31205.134
MinimumVisualStudioVersion = 10.0.40219.1
Project("{FAE04EC0-301F-11D3-BF4B-00C04F79EFBC}") = "KSP-PilotoAutomatico", "KSP-PilotoAutomatico\KSP-PilotoAutomatico.csproj", "{D05A8956-B406-4697-B547-1D64462A6708}"
EndProject
Global
	GlobalSection(SolutionConfigurationPlatforms) = preSolution
		Debug|Any CPU = Debug|Any CPU
		Release|Any CPU = Release|Any CPU
	EndGlobalSection
	GlobalSection(ProjectConfigurationPlatforms) = postSolution
		{D05A8956-B406-4697-B547-1D64462A6708}.Debug|Any CPU.ActiveCfg = Debug|Any CPU
		{D05A8956-B406-4697-B547-1D64462A6708}.Debug|Any CPU.Build.0 = Debug|Any CPU
		{D05A8956-B406-4697-B547-1D64462A6708}.Release|Any CPU.ActiveCfg = Release|Any CPU
		{D05A8956-B406-4697-B547-1D64462A6708}.Release|Any CPU.Build.0 = Release|Any CPU
	EndGlobalSection
	GlobalSection(SolutionProperties) = preSolution
		HideSolutionNode = FALSE
	EndGlobalSection
	GlobalSection(ExtensibilityGlobals) = postSolution
		SolutionGuid = {BDFCF2EC-4409-4C05-B87C-E5C0F24F450A}
	EndGlobalSection
EndGlobal
